
Microsoft Visual Studio Solution File, Format Version 12.00
# Visual Studio Version 17
VisualStudioVersion = 17.14.36203.30
MinimumVisualStudioVersion = 10.0.40219.1
Project("{FAE04EC0-301F-11D3-BF4B-00C04F79EFBC}") = "HotelSearch.API", "HotelSearch.API\HotelSearch.API.csproj", "{02693C1A-30E2-439D-917B-DDF3FE4971E3}"
EndProject
Project("{FAE04EC0-301F-11D3-BF4B-00C04F79EFBC}") = "HotelSearch.Domain", "HotelSearch.Model\HotelSearch.Domain.csproj", "{985216F8-C8E1-47A2-B45E-1255F1D0B707}"
EndProject
Project("{FAE04EC0-301F-11D3-BF4B-00C04F79EFBC}") = "HotelSearch.Infrastructure", "HotelSearch.Infrastructure\HotelSearch.Infrastructure.csproj", "{B51CE11E-C655-4D6E-B6E2-A33D0488C431}"
EndProject
Project("{FAE04EC0-301F-11D3-BF4B-00C04F79EFBC}") = "HotelSearch.Application", "HotelSearch.Service\HotelSearch.Application.csproj", "{27F2379D-EA7A-4E77-8DB5-06A59E7A611C}"
EndProject
Project("{FAE04EC0-301F-11D3-BF4B-00C04F79EFBC}") = "HotelSearch.Tests", "HotelSearch.Tests\HotelSearch.Tests.csproj", "{971C8E92-B290-A61D-A554-2FB5D88F21E5}"
EndProject
Project("{FAE04EC0-301F-11D3-BF4B-00C04F79EFBC}") = "HotelSearch.Utility", "HotelSearch.Utility\HotelSearch.Utility.csproj", "{947B0442-8F19-45E9-AF34-70794694D083}"
EndProject
Global
	GlobalSection(SolutionConfigurationPlatforms) = preSolution
		Debug|Any CPU = Debug|Any CPU
		Release|Any CPU = Release|Any CPU
	EndGlobalSection
	GlobalSection(ProjectConfigurationPlatforms) = postSolution
		{02693C1A-30E2-439D-917B-DDF3FE4971E3}.Debug|Any CPU.ActiveCfg = Debug|Any CPU
		{02693C1A-30E2-439D-917B-DDF3FE4971E3}.Debug|Any CPU.Build.0 = Debug|Any CPU
		{02693C1A-30E2-439D-917B-DDF3FE4971E3}.Release|Any CPU.ActiveCfg = Release|Any CPU
		{02693C1A-30E2-439D-917B-DDF3FE4971E3}.Release|Any CPU.Build.0 = Release|Any CPU
		{985216F8-C8E1-47A2-B45E-1255F1D0B707}.Debug|Any CPU.ActiveCfg = Debug|Any CPU
		{985216F8-C8E1-47A2-B45E-1255F1D0B707}.Debug|Any CPU.Build.0 = Debug|Any CPU
		{985216F8-C8E1-47A2-B45E-1255F1D0B707}.Release|Any CPU.ActiveCfg = Release|Any CPU
		{985216F8-C8E1-47A2-B45E-1255F1D0B707}.Release|Any CPU.Build.0 = Release|Any CPU
		{B51CE11E-C655-4D6E-B6E2-A33D0488C431}.Debug|Any CPU.ActiveCfg = Debug|Any CPU
		{B51CE11E-C655-4D6E-B6E2-A33D0488C431}.Debug|Any CPU.Build.0 = Debug|Any CPU
		{B51CE11E-C655-4D6E-B6E2-A33D0488C431}.Release|Any CPU.ActiveCfg = Release|Any CPU
		{B51CE11E-C655-4D6E-B6E2-A33D0488C431}.Release|Any CPU.Build.0 = Release|Any CPU
		{27F2379D-EA7A-4E77-8DB5-06A59E7A611C}.Debug|Any CPU.ActiveCfg = Debug|Any CPU
		{27F2379D-EA7A-4E77-8DB5-06A59E7A611C}.Debug|Any CPU.Build.0 = Debug|Any CPU
		{27F2379D-EA7A-4E77-8DB5-06A59E7A611C}.Release|Any CPU.ActiveCfg = Release|Any CPU
		{27F2379D-EA7A-4E77-8DB5-06A59E7A611C}.Release|Any CPU.Build.0 = Release|Any CPU
		{971C8E92-B290-A61D-A554-2FB5D88F21E5}.Debug|Any CPU.ActiveCfg = Debug|Any CPU
		{971C8E92-B290-A61D-A554-2FB5D88F21E5}.Debug|Any CPU.Build.0 = Debug|Any CPU
		{971C8E92-B290-A61D-A554-2FB5D88F21E5}.Release|Any CPU.ActiveCfg = Release|Any CPU
		{971C8E92-B290-A61D-A554-2FB5D88F21E5}.Release|Any CPU.Build.0 = Release|Any CPU
		{947B0442-8F19-45E9-AF34-70794694D083}.Debug|Any CPU.ActiveCfg = Debug|Any CPU
		{947B0442-8F19-45E9-AF34-70794694D083}.Debug|Any CPU.Build.0 = Debug|Any CPU
		{947B0442-8F19-45E9-AF34-70794694D083}.Release|Any CPU.ActiveCfg = Release|Any CPU
		{947B0442-8F19-45E9-AF34-70794694D083}.Release|Any CPU.Build.0 = Release|Any CPU
	EndGlobalSection
	GlobalSection(SolutionProperties) = preSolution
		HideSolutionNode = FALSE
	EndGlobalSection
	GlobalSection(ExtensibilityGlobals) = postSolution
		SolutionGuid = {432480EF-1E7E-4C6A-A29B-D99A1A5C9EA8}
	EndGlobalSection
EndGlobal
